
Microsoft Visual Studio Solution File, Format Version 12.00
# Visual Studio Version 17
VisualStudioVersion = 17.1.32421.90
MinimumVisualStudioVersion = 10.0.40219.1
Project("{9A19103F-16F7-4668-BE54-9A1E7A4F7556}") = "ProductShop", "ProductShop\ProductShop.csproj", "{3CC066A0-3550-4F5C-8C64-26F4130B25DD}"
EndProject
Project("{FAE04EC0-301F-11D3-BF4B-00C04F79EFBC}") = "ProductShop.Tests", "ProductShop.Tests\ProductShop.Tests.csproj", "{0F139E34-4F42-414F-9FDF-0486A8D890EA}"
EndProject
Global
	GlobalSection(SolutionConfigurationPlatforms) = preSolution
		Debug|Any CPU = Debug|Any CPU
		Release|Any CPU = Release|Any CPU
	EndGlobalSection
	GlobalSection(ProjectConfigurationPlatforms) = postSolution
		{3CC066A0-3550-4F5C-8C64-26F4130B25DD}.Debug|Any CPU.ActiveCfg = Debug|Any CPU
		{3CC066A0-3550-4F5C-8C64-26F4130B25DD}.Debug|Any CPU.Build.0 = Debug|Any CPU
		{3CC066A0-3550-4F5C-8C64-26F4130B25DD}.Release|Any CPU.ActiveCfg = Release|Any CPU
		{3CC066A0-3550-4F5C-8C64-26F4130B25DD}.Release|Any CPU.Build.0 = Release|Any CPU
		{0F139E34-4F42-414F-9FDF-0486A8D890EA}.Debug|Any CPU.ActiveCfg = Debug|Any CPU
		{0F139E34-4F42-414F-9FDF-0486A8D890EA}.Debug|Any CPU.Build.0 = Debug|Any CPU
		{0F139E34-4F42-414F-9FDF-0486A8D890EA}.Release|Any CPU.ActiveCfg = Release|Any CPU
		{0F139E34-4F42-414F-9FDF-0486A8D890EA}.Release|Any CPU.Build.0 = Release|Any CPU
	EndGlobalSection
	GlobalSection(SolutionProperties) = preSolution
		HideSolutionNode = FALSE
	EndGlobalSection
	GlobalSection(ExtensibilityGlobals) = postSolution
		SolutionGuid = {DD70A0CF-F4BA-45A4-92CA-2AC1551BFC53}
	EndGlobalSection
EndGlobal
